{
  "name": "hello-foundry",
  "lockfileVersion": 3,
  "requires": true,
  "packages": {
    "": {
      "dependencies": {
        "erc721l": "^0.0.11"
      }
    },
    "node_modules/@openzeppelin/contracts": {
      "version": "4.9.2",
      "resolved": "https://registry.npmjs.org/@openzeppelin/contracts/-/contracts-4.9.2.tgz",
      "integrity": "sha512-mO+y6JaqXjWeMh9glYVzVu8HYPGknAAnWyxTRhGeckOruyXQMNnlcW6w/Dx9ftLeIQk6N+ZJFuVmTwF7lEIFrg=="
    },
    "node_modules/@openzeppelin/contracts-upgradeable": {
      "version": "4.9.2",
      "resolved": "https://registry.npmjs.org/@openzeppelin/contracts-upgradeable/-/contracts-upgradeable-4.9.2.tgz",
      "integrity": "sha512-siviV3PZV/fHfPaoIC51rf1Jb6iElkYWnNYZ0leO23/ukXuvOyoC/ahy8jqiV7g+++9Nuo3n/rk5ajSN/+d/Sg=="
    },
    "node_modules/erc721l": {
      "version": "0.0.11",
      "resolved": "https://registry.npmjs.org/erc721l/-/erc721l-0.0.11.tgz",
      "integrity": "sha512-a3k/hB0ArDO1WpR+8h1G2HxceDuP0MmGmfvOKoeEh6jaZ6GIjXOysD2iwoIcD0TbBIEmt41dWuuW+CSbQCAY4A==",
      "dependencies": {
        "@openzeppelin/contracts": "^4.8.0",
        "@openzeppelin/contracts-upgradeable": "^4.8.2"
      }
    }
  }
}
